
Microsoft Visual Studio Solution File, Format Version 12.00
# Visual Studio Version 16
VisualStudioVersion = 16.0.28922.388
MinimumVisualStudioVersion = 10.0.40219.1
Project("{888888A0-9F3D-457C-B088-3A5042F75D52}") = "aaa", "aaa\aaa.pyproj", "{778B3C32-506A-4026-A4A6-12F326FD44C3}"
EndProject
Global
	GlobalSection(SolutionConfigurationPlatforms) = preSolution
		Debug|Any CPU = Debug|Any CPU
		Release|Any CPU = Release|Any CPU
	EndGlobalSection
	GlobalSection(ProjectConfigurationPlatforms) = postSolution
		{778B3C32-506A-4026-A4A6-12F326FD44C3}.Debug|Any CPU.ActiveCfg = Debug|Any CPU
		{778B3C32-506A-4026-A4A6-12F326FD44C3}.Release|Any CPU.ActiveCfg = Release|Any CPU
	EndGlobalSection
	GlobalSection(SolutionProperties) = preSolution
		HideSolutionNode = FALSE
	EndGlobalSection
	GlobalSection(ExtensibilityGlobals) = postSolution
		SolutionGuid = {B699692B-3F8D-41F4-994D-BAACF7D36193}
	EndGlobalSection
EndGlobal
